{
  "nodes": {
    "home-manager": {
      "inputs": {
        "nixpkgs": [
          "nixpkgs"
        ]
      },
      "locked": {
        "lastModified": 1725180166,
        "narHash": "sha256-fzssXuGR/mCeGbzM1ExaTqDz7QDGta3WA4jJsZyRruo=",
        "owner": "nix-community",
        "repo": "home-manager",
        "rev": "471e3eb0a114265bcd62d11d58ba8d3421ee68eb",
        "type": "github"
      },
      "original": {
        "owner": "nix-community",
        "repo": "home-manager",
        "type": "github"
      }
    },
    "mixrank": {
      "inputs": {
        "nixpkgs_latest": "nixpkgs_latest",
        "nixpkgs_old": "nixpkgs_old"
      },
      "locked": {
        "lastModified": 1725634668,
        "narHash": "sha256-Vm9b6uhxqGt6XJZRR9b0j2F3PqAhheSy+EhcsshPK14=",
        "ref": "refs/heads/master",
        "rev": "b934c0ffdd5626c81a504f3eab8f3e076e93541d",
        "revCount": 65351,
        "type": "git",
        "url": "ssh://git@gitlab.com/mixrank/mixrank"
      },
      "original": {
        "type": "git",
        "url": "ssh://git@gitlab.com/mixrank/mixrank"
      }
    },
    "nixpkgs": {
      "locked": {
        "lastModified": 1725634671,
        "narHash": "sha256-v3rIhsJBOMLR8e/RNWxr828tB+WywYIoajrZKFM+0Gg=",
        "owner": "nixos",
        "repo": "nixpkgs",
        "rev": "574d1eac1c200690e27b8eb4e24887f8df7ac27c",
        "type": "github"
      },
      "original": {
        "owner": "nixos",
        "ref": "nixos-unstable",
        "repo": "nixpkgs",
        "type": "github"
      }
    },
    "nixpkgs_latest": {
      "locked": {
        "lastModified": 1720492477,
        "narHash": "sha256-PV6LKJpj43tuKAMEfmXiKZjlOW1IqZORUJ8WYcdLtGE=",
        "owner": "NixOS",
        "repo": "nixpkgs",
        "rev": "64f145f456b7a3953f191cad9e257cd88412044e",
        "type": "github"
      },
      "original": {
        "owner": "NixOS",
        "repo": "nixpkgs",
        "rev": "64f145f456b7a3953f191cad9e257cd88412044e",
        "type": "github"
      }
    },
    "nixpkgs_old": {
      "flake": false,
      "locked": {
        "lastModified": 1568853802,
        "narHash": "sha256-eFyFVDVExwB1aGHVmemgh57EAcTs5rekWhlPnxAowu8=",
        "owner": "NixOS",
        "repo": "nixpkgs",
        "rev": "2c906666e54c9f050b4a25142b4ff0e73c9b7dcc",
        "type": "github"
      },
      "original": {
        "owner": "NixOS",
        "repo": "nixpkgs",
        "rev": "2c906666e54c9f050b4a25142b4ff0e73c9b7dcc",
        "type": "github"
      }
    },
    "root": {
      "inputs": {
        "home-manager": "home-manager",
        "mixrank": "mixrank",
        "nixpkgs": "nixpkgs"
      }
    }
  },
  "root": "root",
  "version": 7
}
