{
  "nodes": {
    "home-manager": {
      "inputs": {
        "nixpkgs": [
          "nixpkgs"
        ]
      },
      "locked": {
        "lastModified": 1725180166,
        "narHash": "sha256-fzssXuGR/mCeGbzM1ExaTqDz7QDGta3WA4jJsZyRruo=",
        "owner": "nix-community",
        "repo": "home-manager",
        "rev": "471e3eb0a114265bcd62d11d58ba8d3421ee68eb",
        "type": "github"
      },
      "original": {
        "owner": "nix-community",
        "repo": "home-manager",
        "type": "github"
      }
    },
    "mixrank": {
      "inputs": {
        "nixpkgs_latest": "nixpkgs_latest",
        "nixpkgs_old": "nixpkgs_old"
      },
      "locked": {
        "lastModified": 0,
        "narHash": "sha256-yLBGWyO4zVx+6F2Qvr30orc+WW8wpIdA3aQ/7+PX/X0=",
        "path": "/home/ch1n3du/Code/mixrank",
        "type": "path"
      },
      "original": {
        "path": "/home/ch1n3du/Code/mixrank",
        "type": "path"
      }
    },
    "nixpkgs": {
      "locked": {
        "lastModified": 1725432240,
        "narHash": "sha256-+yj+xgsfZaErbfYM3T+QvEE2hU7UuE+Jf0fJCJ8uPS0=",
        "owner": "nixos",
        "repo": "nixpkgs",
        "rev": "ad416d066ca1222956472ab7d0555a6946746a80",
        "type": "github"
      },
      "original": {
        "owner": "nixos",
        "ref": "nixos-unstable",
        "repo": "nixpkgs",
        "type": "github"
      }
    },
    "nixpkgs_latest": {
      "locked": {
        "lastModified": 1720492477,
        "narHash": "sha256-PV6LKJpj43tuKAMEfmXiKZjlOW1IqZORUJ8WYcdLtGE=",
        "owner": "NixOS",
        "repo": "nixpkgs",
        "rev": "64f145f456b7a3953f191cad9e257cd88412044e",
        "type": "github"
      },
      "original": {
        "owner": "NixOS",
        "repo": "nixpkgs",
        "rev": "64f145f456b7a3953f191cad9e257cd88412044e",
        "type": "github"
      }
    },
    "nixpkgs_old": {
      "flake": false,
      "locked": {
        "lastModified": 1568853802,
        "narHash": "sha256-eFyFVDVExwB1aGHVmemgh57EAcTs5rekWhlPnxAowu8=",
        "owner": "NixOS",
        "repo": "nixpkgs",
        "rev": "2c906666e54c9f050b4a25142b4ff0e73c9b7dcc",
        "type": "github"
      },
      "original": {
        "owner": "NixOS",
        "repo": "nixpkgs",
        "rev": "2c906666e54c9f050b4a25142b4ff0e73c9b7dcc",
        "type": "github"
      }
    },
    "root": {
      "inputs": {
        "home-manager": "home-manager",
        "mixrank": "mixrank",
        "nixpkgs": "nixpkgs"
      }
    }
  },
  "root": "root",
  "version": 7
}
